
Microsoft Visual Studio Solution File, Format Version 12.00
# Visual Studio 2013
VisualStudioVersion = 12.0.31101.0
MinimumVisualStudioVersion = 10.0.40219.1
Project("{2150E333-8FDC-42A3-9474-1A3956D46DE8}") = ".nuget", ".nuget", "{2D43F996-3BC5-4E88-8E27-43CC2ABA0CCA}"
	ProjectSection(SolutionItems) = preProject
		.nuget\NuGet.Config = .nuget\NuGet.Config
		.nuget\NuGet.exe = .nuget\NuGet.exe
		.nuget\NuGet.targets = .nuget\NuGet.targets
		.nuget\packages.config = .nuget\packages.config
	EndProjectSection
EndProject
Project("{FAE04EC0-301F-11D3-BF4B-00C04F79EFBC}") = "SeriousGameToolbox", "lib\SeriousGameToolbox\SeriousGameToolbox.csproj", "{7A78B10F-E051-4682-9401-7169C0D75EC5}"
EndProject
Project("{FAE04EC0-301F-11D3-BF4B-00C04F79EFBC}") = "SeriousGameToolbox.I2D", "lib\SeriousGameToolbox.I2D\SeriousGameToolbox.I2D.csproj", "{9CAF538E-62F4-440C-A10D-9A722B33DF98}"
EndProject
Project("{FAE04EC0-301F-11D3-BF4B-00C04F79EFBC}") = "SeriousGameToolbox.I3D", "lib\SeriousGameToolbox.I3D\SeriousGameToolbox.I3D.csproj", "{935EDE6F-2B85-444F-8569-20F3C72321EB}"
EndProject
Project("{2150E333-8FDC-42A3-9474-1A3956D46DE8}") = "lib", "lib", "{E0F1BFFE-ED4C-44C9-8345-9140DFEE2F3F}"
EndProject
Project("{FAE04EC0-301F-11D3-BF4B-00C04F79EFBC}") = "SeriousGameToolbox.Tests", "tests\SeriousGameToolbox.Tests\SeriousGameToolbox.Tests.csproj", "{4D1A4CDA-73BE-486D-AD6D-E9FF0478A3A7}"
EndProject
Project("{2150E333-8FDC-42A3-9474-1A3956D46DE8}") = "tests", "tests", "{26FB63F5-5559-4FD3-824E-5766F9FFA206}"
EndProject
Project("{FAE04EC0-301F-11D3-BF4B-00C04F79EFBC}") = "SeriousGameToolbox.I2D.Tests", "tests\SeriousGameToolbox.I2D.Tests\SeriousGameToolbox.I2D.Tests.csproj", "{47D75688-895E-4A29-A55E-31C417EAF381}"
EndProject
Global
	GlobalSection(SolutionConfigurationPlatforms) = preSolution
		Debug|Any CPU = Debug|Any CPU
		Release|Any CPU = Release|Any CPU
	EndGlobalSection
	GlobalSection(ProjectConfigurationPlatforms) = postSolution
		{7A78B10F-E051-4682-9401-7169C0D75EC5}.Debug|Any CPU.ActiveCfg = Debug|Any CPU
		{7A78B10F-E051-4682-9401-7169C0D75EC5}.Debug|Any CPU.Build.0 = Debug|Any CPU
		{7A78B10F-E051-4682-9401-7169C0D75EC5}.Release|Any CPU.ActiveCfg = Release|Any CPU
		{7A78B10F-E051-4682-9401-7169C0D75EC5}.Release|Any CPU.Build.0 = Release|Any CPU
		{9CAF538E-62F4-440C-A10D-9A722B33DF98}.Debug|Any CPU.ActiveCfg = Debug|Any CPU
		{9CAF538E-62F4-440C-A10D-9A722B33DF98}.Debug|Any CPU.Build.0 = Debug|Any CPU
		{9CAF538E-62F4-440C-A10D-9A722B33DF98}.Release|Any CPU.ActiveCfg = Release|Any CPU
		{9CAF538E-62F4-440C-A10D-9A722B33DF98}.Release|Any CPU.Build.0 = Release|Any CPU
		{935EDE6F-2B85-444F-8569-20F3C72321EB}.Debug|Any CPU.ActiveCfg = Debug|Any CPU
		{935EDE6F-2B85-444F-8569-20F3C72321EB}.Debug|Any CPU.Build.0 = Debug|Any CPU
		{935EDE6F-2B85-444F-8569-20F3C72321EB}.Release|Any CPU.ActiveCfg = Release|Any CPU
		{935EDE6F-2B85-444F-8569-20F3C72321EB}.Release|Any CPU.Build.0 = Release|Any CPU
		{4D1A4CDA-73BE-486D-AD6D-E9FF0478A3A7}.Debug|Any CPU.ActiveCfg = Debug|Any CPU
		{4D1A4CDA-73BE-486D-AD6D-E9FF0478A3A7}.Debug|Any CPU.Build.0 = Debug|Any CPU
		{4D1A4CDA-73BE-486D-AD6D-E9FF0478A3A7}.Release|Any CPU.ActiveCfg = Release|Any CPU
		{4D1A4CDA-73BE-486D-AD6D-E9FF0478A3A7}.Release|Any CPU.Build.0 = Release|Any CPU
		{47D75688-895E-4A29-A55E-31C417EAF381}.Debug|Any CPU.ActiveCfg = Debug|Any CPU
		{47D75688-895E-4A29-A55E-31C417EAF381}.Debug|Any CPU.Build.0 = Debug|Any CPU
		{47D75688-895E-4A29-A55E-31C417EAF381}.Release|Any CPU.ActiveCfg = Release|Any CPU
		{47D75688-895E-4A29-A55E-31C417EAF381}.Release|Any CPU.Build.0 = Release|Any CPU
	EndGlobalSection
	GlobalSection(SolutionProperties) = preSolution
		HideSolutionNode = FALSE
	EndGlobalSection
	GlobalSection(NestedProjects) = preSolution
		{7A78B10F-E051-4682-9401-7169C0D75EC5} = {E0F1BFFE-ED4C-44C9-8345-9140DFEE2F3F}
		{9CAF538E-62F4-440C-A10D-9A722B33DF98} = {E0F1BFFE-ED4C-44C9-8345-9140DFEE2F3F}
		{935EDE6F-2B85-444F-8569-20F3C72321EB} = {E0F1BFFE-ED4C-44C9-8345-9140DFEE2F3F}
		{4D1A4CDA-73BE-486D-AD6D-E9FF0478A3A7} = {26FB63F5-5559-4FD3-824E-5766F9FFA206}
		{47D75688-895E-4A29-A55E-31C417EAF381} = {26FB63F5-5559-4FD3-824E-5766F9FFA206}
	EndGlobalSection
EndGlobal
